
Microsoft Visual Studio Solution File, Format Version 12.00
Project("{FAE04EC0-301F-11D3-BF4B-00C04F79EFBC}") = "WebAPI", "WebAPI\WebAPI.csproj", "{192D5B99-7B74-4747-B325-E5A79273B74E}"
EndProject
Project("{FAE04EC0-301F-11D3-BF4B-00C04F79EFBC}") = "Domain", "Domain\Domain.csproj", "{4E008A2E-D681-40E6-B8A3-A548A76A7F89}"
EndProject
Project("{FAE04EC0-301F-11D3-BF4B-00C04F79EFBC}") = "Infrastructure", "Infrastructure\Infrastructure.csproj", "{F85C4D40-AED0-4E29-ADC6-623BFE71EC15}"
EndProject
Global
	GlobalSection(SolutionConfigurationPlatforms) = preSolution
		Debug|Any CPU = Debug|Any CPU
		Release|Any CPU = Release|Any CPU
	EndGlobalSection
	GlobalSection(ProjectConfigurationPlatforms) = postSolution
		{192D5B99-7B74-4747-B325-E5A79273B74E}.Debug|Any CPU.ActiveCfg = Debug|Any CPU
		{192D5B99-7B74-4747-B325-E5A79273B74E}.Debug|Any CPU.Build.0 = Debug|Any CPU
		{192D5B99-7B74-4747-B325-E5A79273B74E}.Release|Any CPU.ActiveCfg = Release|Any CPU
		{192D5B99-7B74-4747-B325-E5A79273B74E}.Release|Any CPU.Build.0 = Release|Any CPU
		{4E008A2E-D681-40E6-B8A3-A548A76A7F89}.Debug|Any CPU.ActiveCfg = Debug|Any CPU
		{4E008A2E-D681-40E6-B8A3-A548A76A7F89}.Debug|Any CPU.Build.0 = Debug|Any CPU
		{4E008A2E-D681-40E6-B8A3-A548A76A7F89}.Release|Any CPU.ActiveCfg = Release|Any CPU
		{4E008A2E-D681-40E6-B8A3-A548A76A7F89}.Release|Any CPU.Build.0 = Release|Any CPU
		{F85C4D40-AED0-4E29-ADC6-623BFE71EC15}.Debug|Any CPU.ActiveCfg = Debug|Any CPU
		{F85C4D40-AED0-4E29-ADC6-623BFE71EC15}.Debug|Any CPU.Build.0 = Debug|Any CPU
		{F85C4D40-AED0-4E29-ADC6-623BFE71EC15}.Release|Any CPU.ActiveCfg = Release|Any CPU
		{F85C4D40-AED0-4E29-ADC6-623BFE71EC15}.Release|Any CPU.Build.0 = Release|Any CPU
	EndGlobalSection
EndGlobal
